// !$*UTF8*$!
{
	archiveVersion = 1;
	classes = {
	};
	objectVersion = 56;
	objects = {

/* Begin PBXBuildFile section */
		07D888469899D98051971407 /* Pods_Arquiteturas.framework in Frameworks */ = {isa = PBXBuildFile; fileRef = F7057A8C802A54BB55F8487A /* Pods_Arquiteturas.framework */; };
		43BE0CC029DF239A001B5963 /* AppDelegate.swift in Sources */ = {isa = PBXBuildFile; fileRef = 43BE0CBF29DF239A001B5963 /* AppDelegate.swift */; };
		43BE0CC229DF239A001B5963 /* SceneDelegate.swift in Sources */ = {isa = PBXBuildFile; fileRef = 43BE0CC129DF239A001B5963 /* SceneDelegate.swift */; };
		43BE0CC429DF239A001B5963 /* ViewController.swift in Sources */ = {isa = PBXBuildFile; fileRef = 43BE0CC329DF239A001B5963 /* ViewController.swift */; };
		43BE0CC729DF239A001B5963 /* Main.storyboard in Resources */ = {isa = PBXBuildFile; fileRef = 43BE0CC529DF239A001B5963 /* Main.storyboard */; };
		43BE0CC929DF239C001B5963 /* Assets.xcassets in Resources */ = {isa = PBXBuildFile; fileRef = 43BE0CC829DF239C001B5963 /* Assets.xcassets */; };
		43BE0CCC29DF239C001B5963 /* LaunchScreen.storyboard in Resources */ = {isa = PBXBuildFile; fileRef = 43BE0CCA29DF239C001B5963 /* LaunchScreen.storyboard */; };
		43BE0CD929DF2C28001B5963 /* UserProvider.swift in Sources */ = {isa = PBXBuildFile; fileRef = 43BE0CD829DF2C28001B5963 /* UserProvider.swift */; };
		43BE0CDC29DF2C92001B5963 /* UserModel.swift in Sources */ = {isa = PBXBuildFile; fileRef = 43BE0CDB29DF2C92001B5963 /* UserModel.swift */; };
		43BE0CDF29DF2F7D001B5963 /* Constants.swift in Sources */ = {isa = PBXBuildFile; fileRef = 43BE0CDE29DF2F7D001B5963 /* Constants.swift */; };
		43BE0CE129DF3691001B5963 /* UserBusiness.swift in Sources */ = {isa = PBXBuildFile; fileRef = 43BE0CE029DF3691001B5963 /* UserBusiness.swift */; };
/* End PBXBuildFile section */

/* Begin PBXFileReference section */
		43BE0CBC29DF239A001B5963 /* Arquiteturas.app */ = {isa = PBXFileReference; explicitFileType = wrapper.application; includeInIndex = 0; path = Arquiteturas.app; sourceTree = BUILT_PRODUCTS_DIR; };
		43BE0CBF29DF239A001B5963 /* AppDelegate.swift */ = {isa = PBXFileReference; lastKnownFileType = sourcecode.swift; path = AppDelegate.swift; sourceTree = "<group>"; };
		43BE0CC129DF239A001B5963 /* SceneDelegate.swift */ = {isa = PBXFileReference; lastKnownFileType = sourcecode.swift; path = SceneDelegate.swift; sourceTree = "<group>"; };
		43BE0CC329DF239A001B5963 /* ViewController.swift */ = {isa = PBXFileReference; lastKnownFileType = sourcecode.swift; path = ViewController.swift; sourceTree = "<group>"; };
		43BE0CC629DF239A001B5963 /* Base */ = {isa = PBXFileReference; lastKnownFileType = file.storyboard; name = Base; path = Base.lproj/Main.storyboard; sourceTree = "<group>"; };
		43BE0CC829DF239C001B5963 /* Assets.xcassets */ = {isa = PBXFileReference; lastKnownFileType = folder.assetcatalog; path = Assets.xcassets; sourceTree = "<group>"; };
		43BE0CCB29DF239C001B5963 /* Base */ = {isa = PBXFileReference; lastKnownFileType = file.storyboard; name = Base; path = Base.lproj/LaunchScreen.storyboard; sourceTree = "<group>"; };
		43BE0CCD29DF239C001B5963 /* Info.plist */ = {isa = PBXFileReference; lastKnownFileType = text.plist.xml; path = Info.plist; sourceTree = "<group>"; };
		43BE0CD829DF2C28001B5963 /* UserProvider.swift */ = {isa = PBXFileReference; lastKnownFileType = sourcecode.swift; path = UserProvider.swift; sourceTree = "<group>"; };
		43BE0CDB29DF2C92001B5963 /* UserModel.swift */ = {isa = PBXFileReference; lastKnownFileType = sourcecode.swift; path = UserModel.swift; sourceTree = "<group>"; };
		43BE0CDE29DF2F7D001B5963 /* Constants.swift */ = {isa = PBXFileReference; lastKnownFileType = sourcecode.swift; path = Constants.swift; sourceTree = "<group>"; };
		43BE0CE029DF3691001B5963 /* UserBusiness.swift */ = {isa = PBXFileReference; lastKnownFileType = sourcecode.swift; path = UserBusiness.swift; sourceTree = "<group>"; };
		AEF5C4149B75D3004A8AA2B6 /* Pods-Arquiteturas.debug.xcconfig */ = {isa = PBXFileReference; includeInIndex = 1; lastKnownFileType = text.xcconfig; name = "Pods-Arquiteturas.debug.xcconfig"; path = "Target Support Files/Pods-Arquiteturas/Pods-Arquiteturas.debug.xcconfig"; sourceTree = "<group>"; };
		DA6C659F0C75C428CD6BF51E /* Pods-Arquiteturas.release.xcconfig */ = {isa = PBXFileReference; includeInIndex = 1; lastKnownFileType = text.xcconfig; name = "Pods-Arquiteturas.release.xcconfig"; path = "Target Support Files/Pods-Arquiteturas/Pods-Arquiteturas.release.xcconfig"; sourceTree = "<group>"; };
		F7057A8C802A54BB55F8487A /* Pods_Arquiteturas.framework */ = {isa = PBXFileReference; explicitFileType = wrapper.framework; includeInIndex = 0; path = Pods_Arquiteturas.framework; sourceTree = BUILT_PRODUCTS_DIR; };
/* End PBXFileReference section */

/* Begin PBXFrameworksBuildPhase section */
		43BE0CB929DF239A001B5963 /* Frameworks */ = {
			isa = PBXFrameworksBuildPhase;
			buildActionMask = 2147483647;
			files = (
				07D888469899D98051971407 /* Pods_Arquiteturas.framework in Frameworks */,
			);
			runOnlyForDeploymentPostprocessing = 0;
		};
/* End PBXFrameworksBuildPhase section */

/* Begin PBXGroup section */
		43BE0CB329DF239A001B5963 = {
			isa = PBXGroup;
			children = (
				43BE0CBE29DF239A001B5963 /* Arquiteturas */,
				43BE0CBD29DF239A001B5963 /* Products */,
				47E151B9401681AADE454F55 /* Pods */,
				5A39B0EB29F573E9713EAC46 /* Frameworks */,
			);
			sourceTree = "<group>";
		};
		43BE0CBD29DF239A001B5963 /* Products */ = {
			isa = PBXGroup;
			children = (
				43BE0CBC29DF239A001B5963 /* Arquiteturas.app */,
			);
			name = Products;
			sourceTree = "<group>";
		};
		43BE0CBE29DF239A001B5963 /* Arquiteturas */ = {
			isa = PBXGroup;
			children = (
				43BE0CDD29DF2F6C001B5963 /* Infrastructure */,
				43BE0CD729DF28D8001B5963 /* Resources */,
				43BE0CD329DF28A7001B5963 /* API */,
				43BE0CCD29DF239C001B5963 /* Info.plist */,
			);
			path = Arquiteturas;
			sourceTree = "<group>";
		};
		43BE0CD329DF28A7001B5963 /* API */ = {
			isa = PBXGroup;
			children = (
				43BE0CDA29DF2C85001B5963 /* Model */,
				43BE0CD629DF28C2001B5963 /* Provider */,
				43BE0CD529DF28BD001B5963 /* Manager */,
				43BE0CD429DF28AC001B5963 /* Business */,
			);
			path = API;
			sourceTree = "<group>";
		};
		43BE0CD429DF28AC001B5963 /* Business */ = {
			isa = PBXGroup;
			children = (
				43BE0CE029DF3691001B5963 /* UserBusiness.swift */,
			);
			path = Business;
			sourceTree = "<group>";
		};
		43BE0CD529DF28BD001B5963 /* Manager */ = {
			isa = PBXGroup;
			children = (
			);
			path = Manager;
			sourceTree = "<group>";
		};
		43BE0CD629DF28C2001B5963 /* Provider */ = {
			isa = PBXGroup;
			children = (
				43BE0CD829DF2C28001B5963 /* UserProvider.swift */,
			);
			path = Provider;
			sourceTree = "<group>";
		};
		43BE0CD729DF28D8001B5963 /* Resources */ = {
			isa = PBXGroup;
			children = (
				43BE0CBF29DF239A001B5963 /* AppDelegate.swift */,
				43BE0CC129DF239A001B5963 /* SceneDelegate.swift */,
				43BE0CC329DF239A001B5963 /* ViewController.swift */,
				43BE0CC529DF239A001B5963 /* Main.storyboard */,
				43BE0CC829DF239C001B5963 /* Assets.xcassets */,
				43BE0CCA29DF239C001B5963 /* LaunchScreen.storyboard */,
			);
			path = Resources;
			sourceTree = "<group>";
		};
		43BE0CDA29DF2C85001B5963 /* Model */ = {
			isa = PBXGroup;
			children = (
				43BE0CDB29DF2C92001B5963 /* UserModel.swift */,
			);
			path = Model;
			sourceTree = "<group>";
		};
		43BE0CDD29DF2F6C001B5963 /* Infrastructure */ = {
			isa = PBXGroup;
			children = (
				43BE0CDE29DF2F7D001B5963 /* Constants.swift */,
			);
			path = Infrastructure;
			sourceTree = "<group>";
		};
		47E151B9401681AADE454F55 /* Pods */ = {
			isa = PBXGroup;
			children = (
				AEF5C4149B75D3004A8AA2B6 /* Pods-Arquiteturas.debug.xcconfig */,
				DA6C659F0C75C428CD6BF51E /* Pods-Arquiteturas.release.xcconfig */,
			);
			path = Pods;
			sourceTree = "<group>";
		};
		5A39B0EB29F573E9713EAC46 /* Frameworks */ = {
			isa = PBXGroup;
			children = (
				F7057A8C802A54BB55F8487A /* Pods_Arquiteturas.framework */,
			);
			name = Frameworks;
			sourceTree = "<group>";
		};
/* End PBXGroup section */

/* Begin PBXNativeTarget section */
		43BE0CBB29DF239A001B5963 /* Arquiteturas */ = {
			isa = PBXNativeTarget;
			buildConfigurationList = 43BE0CD029DF239C001B5963 /* Build configuration list for PBXNativeTarget "Arquiteturas" */;
			buildPhases = (
				1F2D12434C546E2AD54709C3 /* [CP] Check Pods Manifest.lock */,
				43BE0CB829DF239A001B5963 /* Sources */,
				43BE0CB929DF239A001B5963 /* Frameworks */,
				43BE0CBA29DF239A001B5963 /* Resources */,
				3F8FC28ECD5FF625B17D4D24 /* [CP] Embed Pods Frameworks */,
			);
			buildRules = (
			);
			dependencies = (
			);
			name = Arquiteturas;
			productName = Arquiteturas;
			productReference = 43BE0CBC29DF239A001B5963 /* Arquiteturas.app */;
			productType = "com.apple.product-type.application";
		};
/* End PBXNativeTarget section */

/* Begin PBXProject section */
		43BE0CB429DF239A001B5963 /* Project object */ = {
			isa = PBXProject;
			attributes = {
				BuildIndependentTargetsInParallel = 1;
				LastSwiftUpdateCheck = 1420;
				LastUpgradeCheck = 1420;
				TargetAttributes = {
					43BE0CBB29DF239A001B5963 = {
						CreatedOnToolsVersion = 14.2;
					};
				};
			};
			buildConfigurationList = 43BE0CB729DF239A001B5963 /* Build configuration list for PBXProject "Arquiteturas" */;
			compatibilityVersion = "Xcode 14.0";
			developmentRegion = en;
			hasScannedForEncodings = 0;
			knownRegions = (
				en,
				Base,
			);
			mainGroup = 43BE0CB329DF239A001B5963;
			productRefGroup = 43BE0CBD29DF239A001B5963 /* Products */;
			projectDirPath = "";
			projectRoot = "";
			targets = (
				43BE0CBB29DF239A001B5963 /* Arquiteturas */,
			);
		};
/* End PBXProject section */

/* Begin PBXResourcesBuildPhase section */
		43BE0CBA29DF239A001B5963 /* Resources */ = {
			isa = PBXResourcesBuildPhase;
			buildActionMask = 2147483647;
			files = (
				43BE0CCC29DF239C001B5963 /* LaunchScreen.storyboard in Resources */,
				43BE0CC929DF239C001B5963 /* Assets.xcassets in Resources */,
				43BE0CC729DF239A001B5963 /* Main.storyboard in Resources */,
			);
			runOnlyForDeploymentPostprocessing = 0;
		};
/* End PBXResourcesBuildPhase section */

/* Begin PBXShellScriptBuildPhase section */
		1F2D12434C546E2AD54709C3 /* [CP] Check Pods Manifest.lock */ = {
			isa = PBXShellScriptBuildPhase;
			buildActionMask = 2147483647;
			files = (
			);
			inputFileListPaths = (
			);
			inputPaths = (
				"${PODS_PODFILE_DIR_PATH}/Podfile.lock",
				"${PODS_ROOT}/Manifest.lock",
			);
			name = "[CP] Check Pods Manifest.lock";
			outputFileListPaths = (
			);
			outputPaths = (
				"$(DERIVED_FILE_DIR)/Pods-Arquiteturas-checkManifestLockResult.txt",
			);
			runOnlyForDeploymentPostprocessing = 0;
			shellPath = /bin/sh;
			shellScript = "diff \"${PODS_PODFILE_DIR_PATH}/Podfile.lock\" \"${PODS_ROOT}/Manifest.lock\" > /dev/null\nif [ $? != 0 ] ; then\n    # print error to STDERR\n    echo \"error: The sandbox is not in sync with the Podfile.lock. Run 'pod install' or update your CocoaPods installation.\" >&2\n    exit 1\nfi\n# This output is used by Xcode 'outputs' to avoid re-running this script phase.\necho \"SUCCESS\" > \"${SCRIPT_OUTPUT_FILE_0}\"\n";
			showEnvVarsInLog = 0;
		};
		3F8FC28ECD5FF625B17D4D24 /* [CP] Embed Pods Frameworks */ = {
			isa = PBXShellScriptBuildPhase;
			buildActionMask = 2147483647;
			files = (
			);
			inputFileListPaths = (
				"${PODS_ROOT}/Target Support Files/Pods-Arquiteturas/Pods-Arquiteturas-frameworks-${CONFIGURATION}-input-files.xcfilelist",
			);
			name = "[CP] Embed Pods Frameworks";
			outputFileListPaths = (
				"${PODS_ROOT}/Target Support Files/Pods-Arquiteturas/Pods-Arquiteturas-frameworks-${CONFIGURATION}-output-files.xcfilelist",
			);
			runOnlyForDeploymentPostprocessing = 0;
			shellPath = /bin/sh;
			shellScript = "\"${PODS_ROOT}/Target Support Files/Pods-Arquiteturas/Pods-Arquiteturas-frameworks.sh\"\n";
			showEnvVarsInLog = 0;
		};
/* End PBXShellScriptBuildPhase section */

/* Begin PBXSourcesBuildPhase section */
		43BE0CB829DF239A001B5963 /* Sources */ = {
			isa = PBXSourcesBuildPhase;
			buildActionMask = 2147483647;
			files = (
				43BE0CC429DF239A001B5963 /* ViewController.swift in Sources */,
				43BE0CC029DF239A001B5963 /* AppDelegate.swift in Sources */,
				43BE0CC229DF239A001B5963 /* SceneDelegate.swift in Sources */,
				43BE0CDC29DF2C92001B5963 /* UserModel.swift in Sources */,
				43BE0CD929DF2C28001B5963 /* UserProvider.swift in Sources */,
				43BE0CDF29DF2F7D001B5963 /* Constants.swift in Sources */,
				43BE0CE129DF3691001B5963 /* UserBusiness.swift in Sources */,
			);
			runOnlyForDeploymentPostprocessing = 0;
		};
/* End PBXSourcesBuildPhase section */

/* Begin PBXVariantGroup section */
		43BE0CC529DF239A001B5963 /* Main.storyboard */ = {
			isa = PBXVariantGroup;
			children = (
				43BE0CC629DF239A001B5963 /* Base */,
			);
			name = Main.storyboard;
			sourceTree = "<group>";
		};
		43BE0CCA29DF239C001B5963 /* LaunchScreen.storyboard */ = {
			isa = PBXVariantGroup;
			children = (
				43BE0CCB29DF239C001B5963 /* Base */,
			);
			name = LaunchScreen.storyboard;
			sourceTree = "<group>";
		};
/* End PBXVariantGroup section */

/* Begin XCBuildConfiguration section */
		43BE0CCE29DF239C001B5963 /* Debug */ = {
			isa = XCBuildConfiguration;
			buildSettings = {
				ALWAYS_SEARCH_USER_PATHS = NO;
				CLANG_ANALYZER_NONNULL = YES;
				CLANG_ANALYZER_NUMBER_OBJECT_CONVERSION = YES_AGGRESSIVE;
				CLANG_CXX_LANGUAGE_STANDARD = "gnu++20";
				CLANG_ENABLE_MODULES = YES;
				CLANG_ENABLE_OBJC_ARC = YES;
				CLANG_ENABLE_OBJC_WEAK = YES;
				CLANG_WARN_BLOCK_CAPTURE_AUTORELEASING = YES;
				CLANG_WARN_BOOL_CONVERSION = YES;
				CLANG_WARN_COMMA = YES;
				CLANG_WARN_CONSTANT_CONVERSION = YES;
				CLANG_WARN_DEPRECATED_OBJC_IMPLEMENTATIONS = YES;
				CLANG_WARN_DIRECT_OBJC_ISA_USAGE = YES_ERROR;
				CLANG_WARN_DOCUMENTATION_COMMENTS = YES;
				CLANG_WARN_EMPTY_BODY = YES;
				CLANG_WARN_ENUM_CONVERSION = YES;
				CLANG_WARN_INFINITE_RECURSION = YES;
				CLANG_WARN_INT_CONVERSION = YES;
				CLANG_WARN_NON_LITERAL_NULL_CONVERSION = YES;
				CLANG_WARN_OBJC_IMPLICIT_RETAIN_SELF = YES;
				CLANG_WARN_OBJC_LITERAL_CONVERSION = YES;
				CLANG_WARN_OBJC_ROOT_CLASS = YES_ERROR;
				CLANG_WARN_QUOTED_INCLUDE_IN_FRAMEWORK_HEADER = YES;
				CLANG_WARN_RANGE_LOOP_ANALYSIS = YES;
				CLANG_WARN_STRICT_PROTOTYPES = YES;
				CLANG_WARN_SUSPICIOUS_MOVE = YES;
				CLANG_WARN_UNGUARDED_AVAILABILITY = YES_AGGRESSIVE;
				CLANG_WARN_UNREACHABLE_CODE = YES;
				CLANG_WARN__DUPLICATE_METHOD_MATCH = YES;
				COPY_PHASE_STRIP = NO;
				DEBUG_INFORMATION_FORMAT = dwarf;
				ENABLE_STRICT_OBJC_MSGSEND = YES;
				ENABLE_TESTABILITY = YES;
				GCC_C_LANGUAGE_STANDARD = gnu11;
				GCC_DYNAMIC_NO_PIC = NO;
				GCC_NO_COMMON_BLOCKS = YES;
				GCC_OPTIMIZATION_LEVEL = 0;
				GCC_PREPROCESSOR_DEFINITIONS = (
					"DEBUG=1",
					"$(inherited)",
				);
				GCC_WARN_64_TO_32_BIT_CONVERSION = YES;
				GCC_WARN_ABOUT_RETURN_TYPE = YES_ERROR;
				GCC_WARN_UNDECLARED_SELECTOR = YES;
				GCC_WARN_UNINITIALIZED_AUTOS = YES_AGGRESSIVE;
				GCC_WARN_UNUSED_FUNCTION = YES;
				GCC_WARN_UNUSED_VARIABLE = YES;
				IPHONEOS_DEPLOYMENT_TARGET = 16.2;
				MTL_ENABLE_DEBUG_INFO = INCLUDE_SOURCE;
				MTL_FAST_MATH = YES;
				ONLY_ACTIVE_ARCH = YES;
				SDKROOT = iphoneos;
				SWIFT_ACTIVE_COMPILATION_CONDITIONS = DEBUG;
				SWIFT_OPTIMIZATION_LEVEL = "-Onone";
			};
			name = Debug;
		};
		43BE0CCF29DF239C001B5963 /* Release */ = {
			isa = XCBuildConfiguration;
			buildSettings = {
				ALWAYS_SEARCH_USER_PATHS = NO;
				CLANG_ANALYZER_NONNULL = YES;
				CLANG_ANALYZER_NUMBER_OBJECT_CONVERSION = YES_AGGRESSIVE;
				CLANG_CXX_LANGUAGE_STANDARD = "gnu++20";
				CLANG_ENABLE_MODULES = YES;
				CLANG_ENABLE_OBJC_ARC = YES;
				CLANG_ENABLE_OBJC_WEAK = YES;
				CLANG_WARN_BLOCK_CAPTURE_AUTORELEASING = YES;
				CLANG_WARN_BOOL_CONVERSION = YES;
				CLANG_WARN_COMMA = YES;
				CLANG_WARN_CONSTANT_CONVERSION = YES;
				CLANG_WARN_DEPRECATED_OBJC_IMPLEMENTATIONS = YES;
				CLANG_WARN_DIRECT_OBJC_ISA_USAGE = YES_ERROR;
				CLANG_WARN_DOCUMENTATION_COMMENTS = YES;
				CLANG_WARN_EMPTY_BODY = YES;
				CLANG_WARN_ENUM_CONVERSION = YES;
				CLANG_WARN_INFINITE_RECURSION = YES;
				CLANG_WARN_INT_CONVERSION = YES;
				CLANG_WARN_NON_LITERAL_NULL_CONVERSION = YES;
				CLANG_WARN_OBJC_IMPLICIT_RETAIN_SELF = YES;
				CLANG_WARN_OBJC_LITERAL_CONVERSION = YES;
				CLANG_WARN_OBJC_ROOT_CLASS = YES_ERROR;
				CLANG_WARN_QUOTED_INCLUDE_IN_FRAMEWORK_HEADER = YES;
				CLANG_WARN_RANGE_LOOP_ANALYSIS = YES;
				CLANG_WARN_STRICT_PROTOTYPES = YES;
				CLANG_WARN_SUSPICIOUS_MOVE = YES;
				CLANG_WARN_UNGUARDED_AVAILABILITY = YES_AGGRESSIVE;
				CLANG_WARN_UNREACHABLE_CODE = YES;
				CLANG_WARN__DUPLICATE_METHOD_MATCH = YES;
				COPY_PHASE_STRIP = NO;
				DEBUG_INFORMATION_FORMAT = "dwarf-with-dsym";
				ENABLE_NS_ASSERTIONS = NO;
				ENABLE_STRICT_OBJC_MSGSEND = YES;
				GCC_C_LANGUAGE_STANDARD = gnu11;
				GCC_NO_COMMON_BLOCKS = YES;
				GCC_WARN_64_TO_32_BIT_CONVERSION = YES;
				GCC_WARN_ABOUT_RETURN_TYPE = YES_ERROR;
				GCC_WARN_UNDECLARED_SELECTOR = YES;
				GCC_WARN_UNINITIALIZED_AUTOS = YES_AGGRESSIVE;
				GCC_WARN_UNUSED_FUNCTION = YES;
				GCC_WARN_UNUSED_VARIABLE = YES;
				IPHONEOS_DEPLOYMENT_TARGET = 16.2;
				MTL_ENABLE_DEBUG_INFO = NO;
				MTL_FAST_MATH = YES;
				SDKROOT = iphoneos;
				SWIFT_COMPILATION_MODE = wholemodule;
				SWIFT_OPTIMIZATION_LEVEL = "-O";
				VALIDATE_PRODUCT = YES;
			};
			name = Release;
		};
		43BE0CD129DF239C001B5963 /* Debug */ = {
			isa = XCBuildConfiguration;
			baseConfigurationReference = AEF5C4149B75D3004A8AA2B6 /* Pods-Arquiteturas.debug.xcconfig */;
			buildSettings = {
				ASSETCATALOG_COMPILER_APPICON_NAME = AppIcon;
				ASSETCATALOG_COMPILER_GLOBAL_ACCENT_COLOR_NAME = AccentColor;
				CODE_SIGN_STYLE = Automatic;
				CURRENT_PROJECT_VERSION = 1;
				DEVELOPMENT_TEAM = H23T9FBM6Q;
				GENERATE_INFOPLIST_FILE = YES;
				INFOPLIST_FILE = Arquiteturas/Info.plist;
				INFOPLIST_KEY_UIApplicationSupportsIndirectInputEvents = YES;
				INFOPLIST_KEY_UILaunchStoryboardName = LaunchScreen;
				INFOPLIST_KEY_UIMainStoryboardFile = Main;
				INFOPLIST_KEY_UISupportedInterfaceOrientations_iPad = "UIInterfaceOrientationPortrait UIInterfaceOrientationPortraitUpsideDown UIInterfaceOrientationLandscapeLeft UIInterfaceOrientationLandscapeRight";
				INFOPLIST_KEY_UISupportedInterfaceOrientations_iPhone = "UIInterfaceOrientationPortrait UIInterfaceOrientationLandscapeLeft UIInterfaceOrientationLandscapeRight";
				LD_RUNPATH_SEARCH_PATHS = (
					"$(inherited)",
					"@executable_path/Frameworks",
				);
				MARKETING_VERSION = 1.0;
				PRODUCT_BUNDLE_IDENTIFIER = br.com.eduescaleira.Arquiteturas;
				PRODUCT_NAME = "$(TARGET_NAME)";
				SWIFT_EMIT_LOC_STRINGS = YES;
				SWIFT_VERSION = 5.0;
				TARGETED_DEVICE_FAMILY = "1,2";
			};
			name = Debug;
		};
		43BE0CD229DF239C001B5963 /* Release */ = {
			isa = XCBuildConfiguration;
			baseConfigurationReference = DA6C659F0C75C428CD6BF51E /* Pods-Arquiteturas.release.xcconfig */;
			buildSettings = {
				ASSETCATALOG_COMPILER_APPICON_NAME = AppIcon;
				ASSETCATALOG_COMPILER_GLOBAL_ACCENT_COLOR_NAME = AccentColor;
				CODE_SIGN_STYLE = Automatic;
				CURRENT_PROJECT_VERSION = 1;
				DEVELOPMENT_TEAM = H23T9FBM6Q;
				GENERATE_INFOPLIST_FILE = YES;
				INFOPLIST_FILE = Arquiteturas/Info.plist;
				INFOPLIST_KEY_UIApplicationSupportsIndirectInputEvents = YES;
				INFOPLIST_KEY_UILaunchStoryboardName = LaunchScreen;
				INFOPLIST_KEY_UIMainStoryboardFile = Main;
				INFOPLIST_KEY_UISupportedInterfaceOrientations_iPad = "UIInterfaceOrientationPortrait UIInterfaceOrientationPortraitUpsideDown UIInterfaceOrientationLandscapeLeft UIInterfaceOrientationLandscapeRight";
				INFOPLIST_KEY_UISupportedInterfaceOrientations_iPhone = "UIInterfaceOrientationPortrait UIInterfaceOrientationLandscapeLeft UIInterfaceOrientationLandscapeRight";
				LD_RUNPATH_SEARCH_PATHS = (
					"$(inherited)",
					"@executable_path/Frameworks",
				);
				MARKETING_VERSION = 1.0;
				PRODUCT_BUNDLE_IDENTIFIER = br.com.eduescaleira.Arquiteturas;
				PRODUCT_NAME = "$(TARGET_NAME)";
				SWIFT_EMIT_LOC_STRINGS = YES;
				SWIFT_VERSION = 5.0;
				TARGETED_DEVICE_FAMILY = "1,2";
			};
			name = Release;
		};
/* End XCBuildConfiguration section */

/* Begin XCConfigurationList section */
		43BE0CB729DF239A001B5963 /* Build configuration list for PBXProject "Arquiteturas" */ = {
			isa = XCConfigurationList;
			buildConfigurations = (
				43BE0CCE29DF239C001B5963 /* Debug */,
				43BE0CCF29DF239C001B5963 /* Release */,
			);
			defaultConfigurationIsVisible = 0;
			defaultConfigurationName = Release;
		};
		43BE0CD029DF239C001B5963 /* Build configuration list for PBXNativeTarget "Arquiteturas" */ = {
			isa = XCConfigurationList;
			buildConfigurations = (
				43BE0CD129DF239C001B5963 /* Debug */,
				43BE0CD229DF239C001B5963 /* Release */,
			);
			defaultConfigurationIsVisible = 0;
			defaultConfigurationName = Release;
		};
/* End XCConfigurationList section */
	};
	rootObject = 43BE0CB429DF239A001B5963 /* Project object */;
}
